{
  "name": "A_mining_game_JS",
  "lockfileVersion": 2,
  "requires": true,
  "packages": {
    "": {
      "dependencies": {
        "base65536": "^4.0.2"
      }
    },
    "node_modules/base65536": {
      "version": "4.0.2",
      "resolved": "https://registry.npmjs.org/base65536/-/base65536-4.0.2.tgz",
      "integrity": "sha512-HVPixyIYgI5aO3zx+6Py0RvWzbAAZeH7lHvc4GIG560FfNi0ywd2flXneoRnZZPwVBYvZ5VvCn3ZszqNYvf5lw=="
    }
  },
  "dependencies": {
    "base65536": {
      "version": "4.0.2",
      "resolved": "https://registry.npmjs.org/base65536/-/base65536-4.0.2.tgz",
      "integrity": "sha512-HVPixyIYgI5aO3zx+6Py0RvWzbAAZeH7lHvc4GIG560FfNi0ywd2flXneoRnZZPwVBYvZ5VvCn3ZszqNYvf5lw=="
    }
  }
}
